// !$*UTF8*$!
{
	archiveVersion = 1;
	classes = {
	};
	objectVersion = 50;
	objects = {

/* Begin PBXBuildFile section */
		00006AA2264910B7000D53C8 /* BinarySearchTree.swift in Sources */ = {isa = PBXBuildFile; fileRef = 00006AA1264910B7000D53C8 /* BinarySearchTree.swift */; };
		00006AE6264D2D6E000D53C8 /* BinaryTree.swift in Sources */ = {isa = PBXBuildFile; fileRef = 00006AE5264D2D6E000D53C8 /* BinaryTree.swift */; };
		0001C32E2626CC900072D785 /* LinkList.swift in Sources */ = {isa = PBXBuildFile; fileRef = 0001C32D2626CC900072D785 /* LinkList.swift */; };
		0001C41126296BB60072D785 /* DoubleLinkList.swift in Sources */ = {isa = PBXBuildFile; fileRef = 0001C41026296BB50072D785 /* DoubleLinkList.swift */; };
		00104776262D31FB001E6465 /* SecViewController.swift in Sources */ = {isa = PBXBuildFile; fileRef = 00104775262D31FB001E6465 /* SecViewController.swift */; };
		004E187526314DBC0093563C /* 2. 两数相加.swift in Sources */ = {isa = PBXBuildFile; fileRef = 004E186C26314DBC0093563C /* 2. 两数相加.swift */; };
		004E187626314DBC0093563C /* 206反转链表.swift in Sources */ = {isa = PBXBuildFile; fileRef = 004E186D26314DBC0093563C /* 206反转链表.swift */; };
		004E187726314DBC0093563C /* 141. 环形链表.swift in Sources */ = {isa = PBXBuildFile; fileRef = 004E186E26314DBC0093563C /* 141. 环形链表.swift */; };
		004E187826314DBC0093563C /* 剑指 Offer 06. 从尾到头打印链表.swift in Sources */ = {isa = PBXBuildFile; fileRef = 004E186F26314DBC0093563C /* 剑指 Offer 06. 从尾到头打印链表.swift */; };
		004E187926314DBC0093563C /* 876. 链表的中间结点.swift in Sources */ = {isa = PBXBuildFile; fileRef = 004E187026314DBC0093563C /* 876. 链表的中间结点.swift */; };
		004E187A26314DBC0093563C /* 237删除链表中给定的节点.swift in Sources */ = {isa = PBXBuildFile; fileRef = 004E187126314DBC0093563C /* 237删除链表中给定的节点.swift */; };
		004E187B26314DBC0093563C /* 83. 删除排序链表中的重复元素.swift in Sources */ = {isa = PBXBuildFile; fileRef = 004E187226314DBC0093563C /* 83. 删除排序链表中的重复元素.swift */; };
		004E187C26314DBC0093563C /* ListNode.swift in Sources */ = {isa = PBXBuildFile; fileRef = 004E187326314DBC0093563C /* ListNode.swift */; };
		004E187D26314DBC0093563C /* 203. 移除链表元素.swift in Sources */ = {isa = PBXBuildFile; fileRef = 004E187426314DBC0093563C /* 203. 移除链表元素.swift */; };
		004E188226314DEE0093563C /* 20. 有效的括号.swift in Sources */ = {isa = PBXBuildFile; fileRef = 004E188126314DEE0093563C /* 20. 有效的括号.swift */; };
		004E188826315B480093563C /* 856. 括号的分数.swift in Sources */ = {isa = PBXBuildFile; fileRef = 004E188726315B480093563C /* 856. 括号的分数.swift */; };
		004E188C26325D4C0093563C /* 150. 逆波兰表达式求值.swift in Sources */ = {isa = PBXBuildFile; fileRef = 004E188B26325D4C0093563C /* 150. 逆波兰表达式求值.swift */; };
		004E189726327CD20093563C /* Queue.swift in Sources */ = {isa = PBXBuildFile; fileRef = 004E189626327CD20093563C /* Queue.swift */; };
		00841767264E5FE6001EDB99 /* AVLTree.swift in Sources */ = {isa = PBXBuildFile; fileRef = 00841766264E5FE6001EDB99 /* AVLTree.swift */; };
		00B11B13262E731400F7CC5D /* SingleCircleLinkList.swift in Sources */ = {isa = PBXBuildFile; fileRef = 00B11B12262E731400F7CC5D /* SingleCircleLinkList.swift */; };
		00B11B1E262E73EF00F7CC5D /* Node.swift in Sources */ = {isa = PBXBuildFile; fileRef = 00B11B1D262E73EF00F7CC5D /* Node.swift */; };
		00B11B7E26301B3200F7CC5D /* Stack.swift in Sources */ = {isa = PBXBuildFile; fileRef = 00B11B7D26301B3200F7CC5D /* Stack.swift */; };
		00B11B8226301C7C00F7CC5D /* DoubleCircleLinkList.swift in Sources */ = {isa = PBXBuildFile; fileRef = 00B11B8126301C7C00F7CC5D /* DoubleCircleLinkList.swift */; };
		FE9FED3C24E2A00100173EEC /* AppDelegate.swift in Sources */ = {isa = PBXBuildFile; fileRef = FE9FED3B24E2A00100173EEC /* AppDelegate.swift */; };
		FE9FED3E24E2A00100173EEC /* SceneDelegate.swift in Sources */ = {isa = PBXBuildFile; fileRef = FE9FED3D24E2A00100173EEC /* SceneDelegate.swift */; };
		FE9FED4024E2A00100173EEC /* ViewController.swift in Sources */ = {isa = PBXBuildFile; fileRef = FE9FED3F24E2A00100173EEC /* ViewController.swift */; };
		FE9FED4324E2A00100173EEC /* Main.storyboard in Resources */ = {isa = PBXBuildFile; fileRef = FE9FED4124E2A00100173EEC /* Main.storyboard */; };
		FE9FED4524E2A00500173EEC /* Assets.xcassets in Resources */ = {isa = PBXBuildFile; fileRef = FE9FED4424E2A00500173EEC /* Assets.xcassets */; };
		FE9FED4824E2A00500173EEC /* LaunchScreen.storyboard in Resources */ = {isa = PBXBuildFile; fileRef = FE9FED4624E2A00500173EEC /* LaunchScreen.storyboard */; };
		FE9FED5324E2A00500173EEC /* suanfaStudyTests.swift in Sources */ = {isa = PBXBuildFile; fileRef = FE9FED5224E2A00500173EEC /* suanfaStudyTests.swift */; };
		FE9FED5E24E2A01E00173EEC /* Heap.swift in Sources */ = {isa = PBXBuildFile; fileRef = FE9FED5D24E2A01E00173EEC /* Heap.swift */; };
/* End PBXBuildFile section */

/* Begin PBXContainerItemProxy section */
		FE9FED4F24E2A00500173EEC /* PBXContainerItemProxy */ = {
			isa = PBXContainerItemProxy;
			containerPortal = FE9FED3024E2A00100173EEC /* Project object */;
			proxyType = 1;
			remoteGlobalIDString = FE9FED3724E2A00100173EEC;
			remoteInfo = suanfaStudy;
		};
/* End PBXContainerItemProxy section */

/* Begin PBXFileReference section */
		00006AA1264910B7000D53C8 /* BinarySearchTree.swift */ = {isa = PBXFileReference; lastKnownFileType = sourcecode.swift; path = BinarySearchTree.swift; sourceTree = "<group>"; };
		00006AC4264A343A000D53C8 /* suanfaStudy-Bridging-Header.h */ = {isa = PBXFileReference; lastKnownFileType = sourcecode.c.h; path = "suanfaStudy-Bridging-Header.h"; sourceTree = "<group>"; };
		00006AE5264D2D6E000D53C8 /* BinaryTree.swift */ = {isa = PBXFileReference; lastKnownFileType = sourcecode.swift; path = BinaryTree.swift; sourceTree = "<group>"; };
		0001C32D2626CC900072D785 /* LinkList.swift */ = {isa = PBXFileReference; lastKnownFileType = sourcecode.swift; path = LinkList.swift; sourceTree = "<group>"; };
		0001C41026296BB50072D785 /* DoubleLinkList.swift */ = {isa = PBXFileReference; lastKnownFileType = sourcecode.swift; path = DoubleLinkList.swift; sourceTree = "<group>"; };
		00104775262D31FB001E6465 /* SecViewController.swift */ = {isa = PBXFileReference; lastKnownFileType = sourcecode.swift; path = SecViewController.swift; sourceTree = "<group>"; };
		004E186C26314DBC0093563C /* 2. 两数相加.swift */ = {isa = PBXFileReference; fileEncoding = 4; lastKnownFileType = sourcecode.swift; path = "2. 两数相加.swift"; sourceTree = "<group>"; };
		004E186D26314DBC0093563C /* 206反转链表.swift */ = {isa = PBXFileReference; fileEncoding = 4; lastKnownFileType = sourcecode.swift; path = "206反转链表.swift"; sourceTree = "<group>"; };
		004E186E26314DBC0093563C /* 141. 环形链表.swift */ = {isa = PBXFileReference; fileEncoding = 4; lastKnownFileType = sourcecode.swift; path = "141. 环形链表.swift"; sourceTree = "<group>"; };
		004E186F26314DBC0093563C /* 剑指 Offer 06. 从尾到头打印链表.swift */ = {isa = PBXFileReference; fileEncoding = 4; lastKnownFileType = sourcecode.swift; path = "剑指 Offer 06. 从尾到头打印链表.swift"; sourceTree = "<group>"; };
		004E187026314DBC0093563C /* 876. 链表的中间结点.swift */ = {isa = PBXFileReference; fileEncoding = 4; lastKnownFileType = sourcecode.swift; path = "876. 链表的中间结点.swift"; sourceTree = "<group>"; };
		004E187126314DBC0093563C /* 237删除链表中给定的节点.swift */ = {isa = PBXFileReference; fileEncoding = 4; lastKnownFileType = sourcecode.swift; path = "237删除链表中给定的节点.swift"; sourceTree = "<group>"; };
		004E187226314DBC0093563C /* 83. 删除排序链表中的重复元素.swift */ = {isa = PBXFileReference; fileEncoding = 4; lastKnownFileType = sourcecode.swift; path = "83. 删除排序链表中的重复元素.swift"; sourceTree = "<group>"; };
		004E187326314DBC0093563C /* ListNode.swift */ = {isa = PBXFileReference; fileEncoding = 4; lastKnownFileType = sourcecode.swift; path = ListNode.swift; sourceTree = "<group>"; };
		004E187426314DBC0093563C /* 203. 移除链表元素.swift */ = {isa = PBXFileReference; fileEncoding = 4; lastKnownFileType = sourcecode.swift; path = "203. 移除链表元素.swift"; sourceTree = "<group>"; };
		004E188126314DEE0093563C /* 20. 有效的括号.swift */ = {isa = PBXFileReference; lastKnownFileType = sourcecode.swift; path = "20. 有效的括号.swift"; sourceTree = "<group>"; };
		004E188726315B480093563C /* 856. 括号的分数.swift */ = {isa = PBXFileReference; lastKnownFileType = sourcecode.swift; path = "856. 括号的分数.swift"; sourceTree = "<group>"; };
		004E188B26325D4C0093563C /* 150. 逆波兰表达式求值.swift */ = {isa = PBXFileReference; lastKnownFileType = sourcecode.swift; path = "150. 逆波兰表达式求值.swift"; sourceTree = "<group>"; };
		004E189626327CD20093563C /* Queue.swift */ = {isa = PBXFileReference; lastKnownFileType = sourcecode.swift; path = Queue.swift; sourceTree = "<group>"; };
		00841766264E5FE6001EDB99 /* AVLTree.swift */ = {isa = PBXFileReference; lastKnownFileType = sourcecode.swift; path = AVLTree.swift; sourceTree = "<group>"; };
		00B11B12262E731400F7CC5D /* SingleCircleLinkList.swift */ = {isa = PBXFileReference; lastKnownFileType = sourcecode.swift; path = SingleCircleLinkList.swift; sourceTree = "<group>"; };
		00B11B1D262E73EF00F7CC5D /* Node.swift */ = {isa = PBXFileReference; lastKnownFileType = sourcecode.swift; path = Node.swift; sourceTree = "<group>"; };
		00B11B7D26301B3200F7CC5D /* Stack.swift */ = {isa = PBXFileReference; lastKnownFileType = sourcecode.swift; path = Stack.swift; sourceTree = "<group>"; };
		00B11B8126301C7C00F7CC5D /* DoubleCircleLinkList.swift */ = {isa = PBXFileReference; lastKnownFileType = sourcecode.swift; path = DoubleCircleLinkList.swift; sourceTree = "<group>"; };
		FE9FED3824E2A00100173EEC /* suanfaStudy.app */ = {isa = PBXFileReference; explicitFileType = wrapper.application; includeInIndex = 0; path = suanfaStudy.app; sourceTree = BUILT_PRODUCTS_DIR; };
		FE9FED3B24E2A00100173EEC /* AppDelegate.swift */ = {isa = PBXFileReference; lastKnownFileType = sourcecode.swift; path = AppDelegate.swift; sourceTree = "<group>"; };
		FE9FED3D24E2A00100173EEC /* SceneDelegate.swift */ = {isa = PBXFileReference; lastKnownFileType = sourcecode.swift; path = SceneDelegate.swift; sourceTree = "<group>"; };
		FE9FED3F24E2A00100173EEC /* ViewController.swift */ = {isa = PBXFileReference; lastKnownFileType = sourcecode.swift; path = ViewController.swift; sourceTree = "<group>"; };
		FE9FED4224E2A00100173EEC /* Base */ = {isa = PBXFileReference; lastKnownFileType = file.storyboard; name = Base; path = Base.lproj/Main.storyboard; sourceTree = "<group>"; };
		FE9FED4424E2A00500173EEC /* Assets.xcassets */ = {isa = PBXFileReference; lastKnownFileType = folder.assetcatalog; path = Assets.xcassets; sourceTree = "<group>"; };
		FE9FED4724E2A00500173EEC /* Base */ = {isa = PBXFileReference; lastKnownFileType = file.storyboard; name = Base; path = Base.lproj/LaunchScreen.storyboard; sourceTree = "<group>"; };
		FE9FED4924E2A00500173EEC /* Info.plist */ = {isa = PBXFileReference; lastKnownFileType = text.plist.xml; path = Info.plist; sourceTree = "<group>"; };
		FE9FED4E24E2A00500173EEC /* suanfaStudyTests.xctest */ = {isa = PBXFileReference; explicitFileType = wrapper.cfbundle; includeInIndex = 0; path = suanfaStudyTests.xctest; sourceTree = BUILT_PRODUCTS_DIR; };
		FE9FED5224E2A00500173EEC /* suanfaStudyTests.swift */ = {isa = PBXFileReference; lastKnownFileType = sourcecode.swift; path = suanfaStudyTests.swift; sourceTree = "<group>"; };
		FE9FED5424E2A00500173EEC /* Info.plist */ = {isa = PBXFileReference; lastKnownFileType = text.plist.xml; path = Info.plist; sourceTree = "<group>"; };
		FE9FED5D24E2A01E00173EEC /* Heap.swift */ = {isa = PBXFileReference; fileEncoding = 4; lastKnownFileType = sourcecode.swift; path = Heap.swift; sourceTree = "<group>"; };
/* End PBXFileReference section */

/* Begin PBXFrameworksBuildPhase section */
		FE9FED3524E2A00100173EEC /* Frameworks */ = {
			isa = PBXFrameworksBuildPhase;
			buildActionMask = 2147483647;
			files = (
			);
			runOnlyForDeploymentPostprocessing = 0;
		};
		FE9FED4B24E2A00500173EEC /* Frameworks */ = {
			isa = PBXFrameworksBuildPhase;
			buildActionMask = 2147483647;
			files = (
			);
			runOnlyForDeploymentPostprocessing = 0;
		};
/* End PBXFrameworksBuildPhase section */

/* Begin PBXGroup section */
		00006AA02648D6B0000D53C8 /* 树 */ = {
			isa = PBXGroup;
			children = (
				00006AA1264910B7000D53C8 /* BinarySearchTree.swift */,
				00006AE5264D2D6E000D53C8 /* BinaryTree.swift */,
				00841766264E5FE6001EDB99 /* AVLTree.swift */,
			);
			path = "树";
			sourceTree = "<group>";
		};
		004E186426314D6B0093563C /* leetcode */ = {
			isa = PBXGroup;
			children = (
				004E188026314DD30093563C /* 栈 */,
				004E186B26314DBC0093563C /* 链表 */,
			);
			path = leetcode;
			sourceTree = "<group>";
		};
		004E186B26314DBC0093563C /* 链表 */ = {
			isa = PBXGroup;
			children = (
				004E186C26314DBC0093563C /* 2. 两数相加.swift */,
				004E186D26314DBC0093563C /* 206反转链表.swift */,
				004E186E26314DBC0093563C /* 141. 环形链表.swift */,
				004E186F26314DBC0093563C /* 剑指 Offer 06. 从尾到头打印链表.swift */,
				004E187026314DBC0093563C /* 876. 链表的中间结点.swift */,
				004E187126314DBC0093563C /* 237删除链表中给定的节点.swift */,
				004E187226314DBC0093563C /* 83. 删除排序链表中的重复元素.swift */,
				004E187326314DBC0093563C /* ListNode.swift */,
				004E187426314DBC0093563C /* 203. 移除链表元素.swift */,
			);
			path = "链表";
			sourceTree = "<group>";
		};
		004E188026314DD30093563C /* 栈 */ = {
			isa = PBXGroup;
			children = (
				004E188126314DEE0093563C /* 20. 有效的括号.swift */,
				004E188726315B480093563C /* 856. 括号的分数.swift */,
				004E188B26325D4C0093563C /* 150. 逆波兰表达式求值.swift */,
			);
			path = "栈";
			sourceTree = "<group>";
		};
		004E189526327C740093563C /* 队列 */ = {
			isa = PBXGroup;
			children = (
				004E189626327CD20093563C /* Queue.swift */,
			);
			path = "队列";
			sourceTree = "<group>";
		};
		00B11B16262E732100F7CC5D /* lianbiao */ = {
			isa = PBXGroup;
			children = (
				0001C32D2626CC900072D785 /* LinkList.swift */,
				00B11B12262E731400F7CC5D /* SingleCircleLinkList.swift */,
				0001C41026296BB50072D785 /* DoubleLinkList.swift */,
				00B11B8126301C7C00F7CC5D /* DoubleCircleLinkList.swift */,
				00B11B1D262E73EF00F7CC5D /* Node.swift */,
			);
			path = lianbiao;
			sourceTree = "<group>";
		};
		00B11B7A2630176300F7CC5D /* 栈 */ = {
			isa = PBXGroup;
			children = (
				00B11B7D26301B3200F7CC5D /* Stack.swift */,
			);
			path = "栈";
			sourceTree = "<group>";
		};
		FE9FED2F24E2A00100173EEC = {
			isa = PBXGroup;
			children = (
				FE9FED3A24E2A00100173EEC /* suanfaStudy */,
				FE9FED5124E2A00500173EEC /* suanfaStudyTests */,
				FE9FED3924E2A00100173EEC /* Products */,
			);
			sourceTree = "<group>";
		};
		FE9FED3924E2A00100173EEC /* Products */ = {
			isa = PBXGroup;
			children = (
				FE9FED3824E2A00100173EEC /* suanfaStudy.app */,
				FE9FED4E24E2A00500173EEC /* suanfaStudyTests.xctest */,
			);
			name = Products;
			sourceTree = "<group>";
		};
		FE9FED3A24E2A00100173EEC /* suanfaStudy */ = {
			isa = PBXGroup;
			children = (
				004E186426314D6B0093563C /* leetcode */,
				00006AA02648D6B0000D53C8 /* 树 */,
				004E189526327C740093563C /* 队列 */,
				00B11B7A2630176300F7CC5D /* 栈 */,
				00B11B16262E732100F7CC5D /* lianbiao */,
				FE9FED3B24E2A00100173EEC /* AppDelegate.swift */,
				FE9FED3D24E2A00100173EEC /* SceneDelegate.swift */,
				FE9FED3F24E2A00100173EEC /* ViewController.swift */,
				00104775262D31FB001E6465 /* SecViewController.swift */,
				FE9FED5D24E2A01E00173EEC /* Heap.swift */,
				FE9FED4124E2A00100173EEC /* Main.storyboard */,
				FE9FED4424E2A00500173EEC /* Assets.xcassets */,
				FE9FED4624E2A00500173EEC /* LaunchScreen.storyboard */,
				FE9FED4924E2A00500173EEC /* Info.plist */,
				00006AC4264A343A000D53C8 /* suanfaStudy-Bridging-Header.h */,
			);
			path = suanfaStudy;
			sourceTree = "<group>";
		};
		FE9FED5124E2A00500173EEC /* suanfaStudyTests */ = {
			isa = PBXGroup;
			children = (
				FE9FED5224E2A00500173EEC /* suanfaStudyTests.swift */,
				FE9FED5424E2A00500173EEC /* Info.plist */,
			);
			path = suanfaStudyTests;
			sourceTree = "<group>";
		};
/* End PBXGroup section */

/* Begin PBXNativeTarget section */
		FE9FED3724E2A00100173EEC /* suanfaStudy */ = {
			isa = PBXNativeTarget;
			buildConfigurationList = FE9FED5724E2A00500173EEC /* Build configuration list for PBXNativeTarget "suanfaStudy" */;
			buildPhases = (
				FE9FED3424E2A00100173EEC /* Sources */,
				FE9FED3524E2A00100173EEC /* Frameworks */,
				FE9FED3624E2A00100173EEC /* Resources */,
			);
			buildRules = (
			);
			dependencies = (
			);
			name = suanfaStudy;
			productName = suanfaStudy;
			productReference = FE9FED3824E2A00100173EEC /* suanfaStudy.app */;
			productType = "com.apple.product-type.application";
		};
		FE9FED4D24E2A00500173EEC /* suanfaStudyTests */ = {
			isa = PBXNativeTarget;
			buildConfigurationList = FE9FED5A24E2A00500173EEC /* Build configuration list for PBXNativeTarget "suanfaStudyTests" */;
			buildPhases = (
				FE9FED4A24E2A00500173EEC /* Sources */,
				FE9FED4B24E2A00500173EEC /* Frameworks */,
				FE9FED4C24E2A00500173EEC /* Resources */,
			);
			buildRules = (
			);
			dependencies = (
				FE9FED5024E2A00500173EEC /* PBXTargetDependency */,
			);
			name = suanfaStudyTests;
			productName = suanfaStudyTests;
			productReference = FE9FED4E24E2A00500173EEC /* suanfaStudyTests.xctest */;
			productType = "com.apple.product-type.bundle.unit-test";
		};
/* End PBXNativeTarget section */

/* Begin PBXProject section */
		FE9FED3024E2A00100173EEC /* Project object */ = {
			isa = PBXProject;
			attributes = {
				LastSwiftUpdateCheck = 1160;
				LastUpgradeCheck = 1160;
				ORGANIZATIONNAME = "段峰";
				TargetAttributes = {
					FE9FED3724E2A00100173EEC = {
						CreatedOnToolsVersion = 11.6;
						LastSwiftMigration = 1240;
					};
					FE9FED4D24E2A00500173EEC = {
						CreatedOnToolsVersion = 11.6;
						TestTargetID = FE9FED3724E2A00100173EEC;
					};
				};
			};
			buildConfigurationList = FE9FED3324E2A00100173EEC /* Build configuration list for PBXProject "suanfaStudy" */;
			compatibilityVersion = "Xcode 9.3";
			developmentRegion = en;
			hasScannedForEncodings = 0;
			knownRegions = (
				en,
				Base,
			);
			mainGroup = FE9FED2F24E2A00100173EEC;
			productRefGroup = FE9FED3924E2A00100173EEC /* Products */;
			projectDirPath = "";
			projectRoot = "";
			targets = (
				FE9FED3724E2A00100173EEC /* suanfaStudy */,
				FE9FED4D24E2A00500173EEC /* suanfaStudyTests */,
			);
		};
/* End PBXProject section */

/* Begin PBXResourcesBuildPhase section */
		FE9FED3624E2A00100173EEC /* Resources */ = {
			isa = PBXResourcesBuildPhase;
			buildActionMask = 2147483647;
			files = (
				FE9FED4824E2A00500173EEC /* LaunchScreen.storyboard in Resources */,
				FE9FED4524E2A00500173EEC /* Assets.xcassets in Resources */,
				FE9FED4324E2A00100173EEC /* Main.storyboard in Resources */,
			);
			runOnlyForDeploymentPostprocessing = 0;
		};
		FE9FED4C24E2A00500173EEC /* Resources */ = {
			isa = PBXResourcesBuildPhase;
			buildActionMask = 2147483647;
			files = (
			);
			runOnlyForDeploymentPostprocessing = 0;
		};
/* End PBXResourcesBuildPhase section */

/* Begin PBXSourcesBuildPhase section */
		FE9FED3424E2A00100173EEC /* Sources */ = {
			isa = PBXSourcesBuildPhase;
			buildActionMask = 2147483647;
			files = (
				00841767264E5FE6001EDB99 /* AVLTree.swift in Sources */,
				004E187526314DBC0093563C /* 2. 两数相加.swift in Sources */,
				00B11B8226301C7C00F7CC5D /* DoubleCircleLinkList.swift in Sources */,
				004E187A26314DBC0093563C /* 237删除链表中给定的节点.swift in Sources */,
				004E187626314DBC0093563C /* 206反转链表.swift in Sources */,
				FE9FED4024E2A00100173EEC /* ViewController.swift in Sources */,
				FE9FED3C24E2A00100173EEC /* AppDelegate.swift in Sources */,
				00104776262D31FB001E6465 /* SecViewController.swift in Sources */,
				004E187D26314DBC0093563C /* 203. 移除链表元素.swift in Sources */,
				004E187B26314DBC0093563C /* 83. 删除排序链表中的重复元素.swift in Sources */,
				00006AA2264910B7000D53C8 /* BinarySearchTree.swift in Sources */,
				004E188826315B480093563C /* 856. 括号的分数.swift in Sources */,
				00B11B1E262E73EF00F7CC5D /* Node.swift in Sources */,
				004E187C26314DBC0093563C /* ListNode.swift in Sources */,
				004E188C26325D4C0093563C /* 150. 逆波兰表达式求值.swift in Sources */,
				004E187926314DBC0093563C /* 876. 链表的中间结点.swift in Sources */,
				00B11B13262E731400F7CC5D /* SingleCircleLinkList.swift in Sources */,
				0001C32E2626CC900072D785 /* LinkList.swift in Sources */,
				00B11B7E26301B3200F7CC5D /* Stack.swift in Sources */,
				004E187826314DBC0093563C /* 剑指 Offer 06. 从尾到头打印链表.swift in Sources */,
				FE9FED3E24E2A00100173EEC /* SceneDelegate.swift in Sources */,
				004E189726327CD20093563C /* Queue.swift in Sources */,
				004E188226314DEE0093563C /* 20. 有效的括号.swift in Sources */,
				00006AE6264D2D6E000D53C8 /* BinaryTree.swift in Sources */,
				0001C41126296BB60072D785 /* DoubleLinkList.swift in Sources */,
				FE9FED5E24E2A01E00173EEC /* Heap.swift in Sources */,
				004E187726314DBC0093563C /* 141. 环形链表.swift in Sources */,
			);
			runOnlyForDeploymentPostprocessing = 0;
		};
		FE9FED4A24E2A00500173EEC /* Sources */ = {
			isa = PBXSourcesBuildPhase;
			buildActionMask = 2147483647;
			files = (
				FE9FED5324E2A00500173EEC /* suanfaStudyTests.swift in Sources */,
			);
			runOnlyForDeploymentPostprocessing = 0;
		};
/* End PBXSourcesBuildPhase section */

/* Begin PBXTargetDependency section */
		FE9FED5024E2A00500173EEC /* PBXTargetDependency */ = {
			isa = PBXTargetDependency;
			target = FE9FED3724E2A00100173EEC /* suanfaStudy */;
			targetProxy = FE9FED4F24E2A00500173EEC /* PBXContainerItemProxy */;
		};
/* End PBXTargetDependency section */

/* Begin PBXVariantGroup section */
		FE9FED4124E2A00100173EEC /* Main.storyboard */ = {
			isa = PBXVariantGroup;
			children = (
				FE9FED4224E2A00100173EEC /* Base */,
			);
			name = Main.storyboard;
			sourceTree = "<group>";
		};
		FE9FED4624E2A00500173EEC /* LaunchScreen.storyboard */ = {
			isa = PBXVariantGroup;
			children = (
				FE9FED4724E2A00500173EEC /* Base */,
			);
			name = LaunchScreen.storyboard;
			sourceTree = "<group>";
		};
/* End PBXVariantGroup section */

/* Begin XCBuildConfiguration section */
		FE9FED5524E2A00500173EEC /* Debug */ = {
			isa = XCBuildConfiguration;
			buildSettings = {
				ALWAYS_SEARCH_USER_PATHS = NO;
				CLANG_ANALYZER_NONNULL = YES;
				CLANG_ANALYZER_NUMBER_OBJECT_CONVERSION = YES_AGGRESSIVE;
				CLANG_CXX_LANGUAGE_STANDARD = "gnu++14";
				CLANG_CXX_LIBRARY = "libc++";
				CLANG_ENABLE_MODULES = YES;
				CLANG_ENABLE_OBJC_ARC = YES;
				CLANG_ENABLE_OBJC_WEAK = YES;
				CLANG_WARN_BLOCK_CAPTURE_AUTORELEASING = YES;
				CLANG_WARN_BOOL_CONVERSION = YES;
				CLANG_WARN_COMMA = YES;
				CLANG_WARN_CONSTANT_CONVERSION = YES;
				CLANG_WARN_DEPRECATED_OBJC_IMPLEMENTATIONS = YES;
				CLANG_WARN_DIRECT_OBJC_ISA_USAGE = YES_ERROR;
				CLANG_WARN_DOCUMENTATION_COMMENTS = YES;
				CLANG_WARN_EMPTY_BODY = YES;
				CLANG_WARN_ENUM_CONVERSION = YES;
				CLANG_WARN_INFINITE_RECURSION = YES;
				CLANG_WARN_INT_CONVERSION = YES;
				CLANG_WARN_NON_LITERAL_NULL_CONVERSION = YES;
				CLANG_WARN_OBJC_IMPLICIT_RETAIN_SELF = YES;
				CLANG_WARN_OBJC_LITERAL_CONVERSION = YES;
				CLANG_WARN_OBJC_ROOT_CLASS = YES_ERROR;
				CLANG_WARN_RANGE_LOOP_ANALYSIS = YES;
				CLANG_WARN_STRICT_PROTOTYPES = YES;
				CLANG_WARN_SUSPICIOUS_MOVE = YES;
				CLANG_WARN_UNGUARDED_AVAILABILITY = YES_AGGRESSIVE;
				CLANG_WARN_UNREACHABLE_CODE = YES;
				CLANG_WARN__DUPLICATE_METHOD_MATCH = YES;
				COPY_PHASE_STRIP = NO;
				DEBUG_INFORMATION_FORMAT = dwarf;
				ENABLE_STRICT_OBJC_MSGSEND = YES;
				ENABLE_TESTABILITY = YES;
				GCC_C_LANGUAGE_STANDARD = gnu11;
				GCC_DYNAMIC_NO_PIC = NO;
				GCC_NO_COMMON_BLOCKS = YES;
				GCC_OPTIMIZATION_LEVEL = 0;
				GCC_PREPROCESSOR_DEFINITIONS = (
					"DEBUG=1",
					"$(inherited)",
				);
				GCC_WARN_64_TO_32_BIT_CONVERSION = YES;
				GCC_WARN_ABOUT_RETURN_TYPE = YES_ERROR;
				GCC_WARN_UNDECLARED_SELECTOR = YES;
				GCC_WARN_UNINITIALIZED_AUTOS = YES_AGGRESSIVE;
				GCC_WARN_UNUSED_FUNCTION = YES;
				GCC_WARN_UNUSED_VARIABLE = YES;
				IPHONEOS_DEPLOYMENT_TARGET = 13.6;
				MTL_ENABLE_DEBUG_INFO = INCLUDE_SOURCE;
				MTL_FAST_MATH = YES;
				ONLY_ACTIVE_ARCH = YES;
				SDKROOT = iphoneos;
				SWIFT_ACTIVE_COMPILATION_CONDITIONS = DEBUG;
				SWIFT_OPTIMIZATION_LEVEL = "-Onone";
			};
			name = Debug;
		};
		FE9FED5624E2A00500173EEC /* Release */ = {
			isa = XCBuildConfiguration;
			buildSettings = {
				ALWAYS_SEARCH_USER_PATHS = NO;
				CLANG_ANALYZER_NONNULL = YES;
				CLANG_ANALYZER_NUMBER_OBJECT_CONVERSION = YES_AGGRESSIVE;
				CLANG_CXX_LANGUAGE_STANDARD = "gnu++14";
				CLANG_CXX_LIBRARY = "libc++";
				CLANG_ENABLE_MODULES = YES;
				CLANG_ENABLE_OBJC_ARC = YES;
				CLANG_ENABLE_OBJC_WEAK = YES;
				CLANG_WARN_BLOCK_CAPTURE_AUTORELEASING = YES;
				CLANG_WARN_BOOL_CONVERSION = YES;
				CLANG_WARN_COMMA = YES;
				CLANG_WARN_CONSTANT_CONVERSION = YES;
				CLANG_WARN_DEPRECATED_OBJC_IMPLEMENTATIONS = YES;
				CLANG_WARN_DIRECT_OBJC_ISA_USAGE = YES_ERROR;
				CLANG_WARN_DOCUMENTATION_COMMENTS = YES;
				CLANG_WARN_EMPTY_BODY = YES;
				CLANG_WARN_ENUM_CONVERSION = YES;
				CLANG_WARN_INFINITE_RECURSION = YES;
				CLANG_WARN_INT_CONVERSION = YES;
				CLANG_WARN_NON_LITERAL_NULL_CONVERSION = YES;
				CLANG_WARN_OBJC_IMPLICIT_RETAIN_SELF = YES;
				CLANG_WARN_OBJC_LITERAL_CONVERSION = YES;
				CLANG_WARN_OBJC_ROOT_CLASS = YES_ERROR;
				CLANG_WARN_RANGE_LOOP_ANALYSIS = YES;
				CLANG_WARN_STRICT_PROTOTYPES = YES;
				CLANG_WARN_SUSPICIOUS_MOVE = YES;
				CLANG_WARN_UNGUARDED_AVAILABILITY = YES_AGGRESSIVE;
				CLANG_WARN_UNREACHABLE_CODE = YES;
				CLANG_WARN__DUPLICATE_METHOD_MATCH = YES;
				COPY_PHASE_STRIP = NO;
				DEBUG_INFORMATION_FORMAT = "dwarf-with-dsym";
				ENABLE_NS_ASSERTIONS = NO;
				ENABLE_STRICT_OBJC_MSGSEND = YES;
				GCC_C_LANGUAGE_STANDARD = gnu11;
				GCC_NO_COMMON_BLOCKS = YES;
				GCC_WARN_64_TO_32_BIT_CONVERSION = YES;
				GCC_WARN_ABOUT_RETURN_TYPE = YES_ERROR;
				GCC_WARN_UNDECLARED_SELECTOR = YES;
				GCC_WARN_UNINITIALIZED_AUTOS = YES_AGGRESSIVE;
				GCC_WARN_UNUSED_FUNCTION = YES;
				GCC_WARN_UNUSED_VARIABLE = YES;
				IPHONEOS_DEPLOYMENT_TARGET = 13.6;
				MTL_ENABLE_DEBUG_INFO = NO;
				MTL_FAST_MATH = YES;
				SDKROOT = iphoneos;
				SWIFT_COMPILATION_MODE = wholemodule;
				SWIFT_OPTIMIZATION_LEVEL = "-O";
				VALIDATE_PRODUCT = YES;
			};
			name = Release;
		};
		FE9FED5824E2A00500173EEC /* Debug */ = {
			isa = XCBuildConfiguration;
			buildSettings = {
				ASSETCATALOG_COMPILER_APPICON_NAME = AppIcon;
				CLANG_ENABLE_MODULES = YES;
				CODE_SIGN_STYLE = Automatic;
				INFOPLIST_FILE = suanfaStudy/Info.plist;
				LD_RUNPATH_SEARCH_PATHS = (
					"$(inherited)",
					"@executable_path/Frameworks",
				);
				PRODUCT_BUNDLE_IDENTIFIER = SaitouAsukaHaOreNoYome.suanfaStudy;
				PRODUCT_NAME = "$(TARGET_NAME)";
				SWIFT_OBJC_BRIDGING_HEADER = "suanfaStudy/suanfaStudy-Bridging-Header.h";
				SWIFT_OPTIMIZATION_LEVEL = "-Onone";
				SWIFT_VERSION = 5.0;
				TARGETED_DEVICE_FAMILY = "1,2";
			};
			name = Debug;
		};
		FE9FED5924E2A00500173EEC /* Release */ = {
			isa = XCBuildConfiguration;
			buildSettings = {
				ASSETCATALOG_COMPILER_APPICON_NAME = AppIcon;
				CLANG_ENABLE_MODULES = YES;
				CODE_SIGN_STYLE = Automatic;
				INFOPLIST_FILE = suanfaStudy/Info.plist;
				LD_RUNPATH_SEARCH_PATHS = (
					"$(inherited)",
					"@executable_path/Frameworks",
				);
				PRODUCT_BUNDLE_IDENTIFIER = SaitouAsukaHaOreNoYome.suanfaStudy;
				PRODUCT_NAME = "$(TARGET_NAME)";
				SWIFT_OBJC_BRIDGING_HEADER = "suanfaStudy/suanfaStudy-Bridging-Header.h";
				SWIFT_VERSION = 5.0;
				TARGETED_DEVICE_FAMILY = "1,2";
			};
			name = Release;
		};
		FE9FED5B24E2A00500173EEC /* Debug */ = {
			isa = XCBuildConfiguration;
			buildSettings = {
				ALWAYS_EMBED_SWIFT_STANDARD_LIBRARIES = YES;
				BUNDLE_LOADER = "$(TEST_HOST)";
				CODE_SIGN_STYLE = Automatic;
				INFOPLIST_FILE = suanfaStudyTests/Info.plist;
				IPHONEOS_DEPLOYMENT_TARGET = 13.6;
				LD_RUNPATH_SEARCH_PATHS = (
					"$(inherited)",
					"@executable_path/Frameworks",
					"@loader_path/Frameworks",
				);
				PRODUCT_BUNDLE_IDENTIFIER = SaitouAsukaHaOreNoYome.suanfaStudyTests;
				PRODUCT_NAME = "$(TARGET_NAME)";
				SWIFT_VERSION = 5.0;
				TARGETED_DEVICE_FAMILY = "1,2";
				TEST_HOST = "$(BUILT_PRODUCTS_DIR)/suanfaStudy.app/suanfaStudy";
			};
			name = Debug;
		};
		FE9FED5C24E2A00500173EEC /* Release */ = {
			isa = XCBuildConfiguration;
			buildSettings = {
				ALWAYS_EMBED_SWIFT_STANDARD_LIBRARIES = YES;
				BUNDLE_LOADER = "$(TEST_HOST)";
				CODE_SIGN_STYLE = Automatic;
				INFOPLIST_FILE = suanfaStudyTests/Info.plist;
				IPHONEOS_DEPLOYMENT_TARGET = 13.6;
				LD_RUNPATH_SEARCH_PATHS = (
					"$(inherited)",
					"@executable_path/Frameworks",
					"@loader_path/Frameworks",
				);
				PRODUCT_BUNDLE_IDENTIFIER = SaitouAsukaHaOreNoYome.suanfaStudyTests;
				PRODUCT_NAME = "$(TARGET_NAME)";
				SWIFT_VERSION = 5.0;
				TARGETED_DEVICE_FAMILY = "1,2";
				TEST_HOST = "$(BUILT_PRODUCTS_DIR)/suanfaStudy.app/suanfaStudy";
			};
			name = Release;
		};
/* End XCBuildConfiguration section */

/* Begin XCConfigurationList section */
		FE9FED3324E2A00100173EEC /* Build configuration list for PBXProject "suanfaStudy" */ = {
			isa = XCConfigurationList;
			buildConfigurations = (
				FE9FED5524E2A00500173EEC /* Debug */,
				FE9FED5624E2A00500173EEC /* Release */,
			);
			defaultConfigurationIsVisible = 0;
			defaultConfigurationName = Release;
		};
		FE9FED5724E2A00500173EEC /* Build configuration list for PBXNativeTarget "suanfaStudy" */ = {
			isa = XCConfigurationList;
			buildConfigurations = (
				FE9FED5824E2A00500173EEC /* Debug */,
				FE9FED5924E2A00500173EEC /* Release */,
			);
			defaultConfigurationIsVisible = 0;
			defaultConfigurationName = Release;
		};
		FE9FED5A24E2A00500173EEC /* Build configuration list for PBXNativeTarget "suanfaStudyTests" */ = {
			isa = XCConfigurationList;
			buildConfigurations = (
				FE9FED5B24E2A00500173EEC /* Debug */,
				FE9FED5C24E2A00500173EEC /* Release */,
			);
			defaultConfigurationIsVisible = 0;
			defaultConfigurationName = Release;
		};
/* End XCConfigurationList section */
	};
	rootObject = FE9FED3024E2A00100173EEC /* Project object */;
}
